
Microsoft Visual Studio Solution File, Format Version 12.00
# Visual Studio 15
VisualStudioVersion = 15.0.27428.2037
MinimumVisualStudioVersion = 10.0.40219.1
Project("{FAE04EC0-301F-11D3-BF4B-00C04F79EFBC}") = "01.BoxOfT", "BoxOfT\01.BoxOfT.csproj", "{F72EB667-82D1-4DE5-AC30-B8EB7B84114A}"
EndProject
Project("{FAE04EC0-301F-11D3-BF4B-00C04F79EFBC}") = "02.ArrayCreator", "02.ArrayCreator\02.ArrayCreator.csproj", "{51C1EB35-FB74-41D2-BF73-018CB1CAEF87}"
EndProject
Project("{FAE04EC0-301F-11D3-BF4B-00C04F79EFBC}") = "GenericScale", "GenericScale\GenericScale.csproj", "{63F6647F-C116-4123-A0AA-07507BD74D3A}"
EndProject
Global
	GlobalSection(SolutionConfigurationPlatforms) = preSolution
		Debug|Any CPU = Debug|Any CPU
		Release|Any CPU = Release|Any CPU
	EndGlobalSection
	GlobalSection(ProjectConfigurationPlatforms) = postSolution
		{F72EB667-82D1-4DE5-AC30-B8EB7B84114A}.Debug|Any CPU.ActiveCfg = Debug|Any CPU
		{F72EB667-82D1-4DE5-AC30-B8EB7B84114A}.Debug|Any CPU.Build.0 = Debug|Any CPU
		{F72EB667-82D1-4DE5-AC30-B8EB7B84114A}.Release|Any CPU.ActiveCfg = Release|Any CPU
		{F72EB667-82D1-4DE5-AC30-B8EB7B84114A}.Release|Any CPU.Build.0 = Release|Any CPU
		{51C1EB35-FB74-41D2-BF73-018CB1CAEF87}.Debug|Any CPU.ActiveCfg = Debug|Any CPU
		{51C1EB35-FB74-41D2-BF73-018CB1CAEF87}.Debug|Any CPU.Build.0 = Debug|Any CPU
		{51C1EB35-FB74-41D2-BF73-018CB1CAEF87}.Release|Any CPU.ActiveCfg = Release|Any CPU
		{51C1EB35-FB74-41D2-BF73-018CB1CAEF87}.Release|Any CPU.Build.0 = Release|Any CPU
		{63F6647F-C116-4123-A0AA-07507BD74D3A}.Debug|Any CPU.ActiveCfg = Debug|Any CPU
		{63F6647F-C116-4123-A0AA-07507BD74D3A}.Debug|Any CPU.Build.0 = Debug|Any CPU
		{63F6647F-C116-4123-A0AA-07507BD74D3A}.Release|Any CPU.ActiveCfg = Release|Any CPU
		{63F6647F-C116-4123-A0AA-07507BD74D3A}.Release|Any CPU.Build.0 = Release|Any CPU
	EndGlobalSection
	GlobalSection(SolutionProperties) = preSolution
		HideSolutionNode = FALSE
	EndGlobalSection
	GlobalSection(ExtensibilityGlobals) = postSolution
		SolutionGuid = {7EB503B4-77D1-42D0-BBF7-87EECAFD0383}
	EndGlobalSection
EndGlobal
