
Microsoft Visual Studio Solution File, Format Version 12.00
# Visual Studio 15
VisualStudioVersion = 15.0.27428.2037
MinimumVisualStudioVersion = 10.0.40219.1
Project("{FAE04EC0-301F-11D3-BF4B-00C04F79EFBC}") = "01.Library", "01.Library\01.Library.csproj", "{A330B426-F585-4462-840D-3DF3C3EFBB20}"
EndProject
Project("{FAE04EC0-301F-11D3-BF4B-00C04F79EFBC}") = "02.LibraryIterator", "02.LibraryIterator\02.LibraryIterator.csproj", "{6F1653A8-DD1E-4957-862C-11FDEE6288E3}"
EndProject
Project("{FAE04EC0-301F-11D3-BF4B-00C04F79EFBC}") = "03.ComparableBook", "03.ComparableBook\03.ComparableBook.csproj", "{2B4FBB66-6F34-4723-AFB2-781C5A3A65BC}"
EndProject
Project("{FAE04EC0-301F-11D3-BF4B-00C04F79EFBC}") = "02.02.LibraryIterator", "02.02.LibraryIterator\02.02.LibraryIterator.csproj", "{1E8486F7-F4E9-4694-A727-E25F56BF6989}"
EndProject
Project("{FAE04EC0-301F-11D3-BF4B-00C04F79EFBC}") = "04.BookComparer", "04.BookComparer\04.BookComparer.csproj", "{DFB763F5-4A36-4F6E-B480-33FCE4F31D77}"
EndProject
Global
	GlobalSection(SolutionConfigurationPlatforms) = preSolution
		Debug|Any CPU = Debug|Any CPU
		Release|Any CPU = Release|Any CPU
	EndGlobalSection
	GlobalSection(ProjectConfigurationPlatforms) = postSolution
		{A330B426-F585-4462-840D-3DF3C3EFBB20}.Debug|Any CPU.ActiveCfg = Debug|Any CPU
		{A330B426-F585-4462-840D-3DF3C3EFBB20}.Debug|Any CPU.Build.0 = Debug|Any CPU
		{A330B426-F585-4462-840D-3DF3C3EFBB20}.Release|Any CPU.ActiveCfg = Release|Any CPU
		{A330B426-F585-4462-840D-3DF3C3EFBB20}.Release|Any CPU.Build.0 = Release|Any CPU
		{6F1653A8-DD1E-4957-862C-11FDEE6288E3}.Debug|Any CPU.ActiveCfg = Debug|Any CPU
		{6F1653A8-DD1E-4957-862C-11FDEE6288E3}.Debug|Any CPU.Build.0 = Debug|Any CPU
		{6F1653A8-DD1E-4957-862C-11FDEE6288E3}.Release|Any CPU.ActiveCfg = Release|Any CPU
		{6F1653A8-DD1E-4957-862C-11FDEE6288E3}.Release|Any CPU.Build.0 = Release|Any CPU
		{2B4FBB66-6F34-4723-AFB2-781C5A3A65BC}.Debug|Any CPU.ActiveCfg = Debug|Any CPU
		{2B4FBB66-6F34-4723-AFB2-781C5A3A65BC}.Debug|Any CPU.Build.0 = Debug|Any CPU
		{2B4FBB66-6F34-4723-AFB2-781C5A3A65BC}.Release|Any CPU.ActiveCfg = Release|Any CPU
		{2B4FBB66-6F34-4723-AFB2-781C5A3A65BC}.Release|Any CPU.Build.0 = Release|Any CPU
		{1E8486F7-F4E9-4694-A727-E25F56BF6989}.Debug|Any CPU.ActiveCfg = Debug|Any CPU
		{1E8486F7-F4E9-4694-A727-E25F56BF6989}.Debug|Any CPU.Build.0 = Debug|Any CPU
		{1E8486F7-F4E9-4694-A727-E25F56BF6989}.Release|Any CPU.ActiveCfg = Release|Any CPU
		{1E8486F7-F4E9-4694-A727-E25F56BF6989}.Release|Any CPU.Build.0 = Release|Any CPU
		{DFB763F5-4A36-4F6E-B480-33FCE4F31D77}.Debug|Any CPU.ActiveCfg = Debug|Any CPU
		{DFB763F5-4A36-4F6E-B480-33FCE4F31D77}.Debug|Any CPU.Build.0 = Debug|Any CPU
		{DFB763F5-4A36-4F6E-B480-33FCE4F31D77}.Release|Any CPU.ActiveCfg = Release|Any CPU
		{DFB763F5-4A36-4F6E-B480-33FCE4F31D77}.Release|Any CPU.Build.0 = Release|Any CPU
	EndGlobalSection
	GlobalSection(SolutionProperties) = preSolution
		HideSolutionNode = FALSE
	EndGlobalSection
	GlobalSection(ExtensibilityGlobals) = postSolution
		SolutionGuid = {2222FC6A-9A05-42BE-B222-03CCF71B293E}
	EndGlobalSection
EndGlobal
