
Microsoft Visual Studio Solution File, Format Version 12.00
# Visual Studio 15
VisualStudioVersion = 15.0.27130.2036
MinimumVisualStudioVersion = 10.0.40219.1
Project("{FAE04EC0-301F-11D3-BF4B-00C04F79EFBC}") = "FestivalManager", "FestivalManager\FestivalManager.csproj", "{839D70B8-215F-4316-88F2-71ACA9EEDB3F}"
EndProject
Project("{FAE04EC0-301F-11D3-BF4B-00C04F79EFBC}") = "FestivalManager.Tests", "FestivalManager.Tests\FestivalManager.Tests.csproj", "{7DC6F6F9-8A7B-4558-8A2E-B4C4B9E2A718}"
EndProject
Global
	GlobalSection(SolutionConfigurationPlatforms) = preSolution
		Debug|Any CPU = Debug|Any CPU
		Release|Any CPU = Release|Any CPU
	EndGlobalSection
	GlobalSection(ProjectConfigurationPlatforms) = postSolution
		{839D70B8-215F-4316-88F2-71ACA9EEDB3F}.Debug|Any CPU.ActiveCfg = Debug|Any CPU
		{839D70B8-215F-4316-88F2-71ACA9EEDB3F}.Debug|Any CPU.Build.0 = Debug|Any CPU
		{839D70B8-215F-4316-88F2-71ACA9EEDB3F}.Release|Any CPU.ActiveCfg = Release|Any CPU
		{839D70B8-215F-4316-88F2-71ACA9EEDB3F}.Release|Any CPU.Build.0 = Release|Any CPU
		{7DC6F6F9-8A7B-4558-8A2E-B4C4B9E2A718}.Debug|Any CPU.ActiveCfg = Debug|Any CPU
		{7DC6F6F9-8A7B-4558-8A2E-B4C4B9E2A718}.Debug|Any CPU.Build.0 = Debug|Any CPU
		{7DC6F6F9-8A7B-4558-8A2E-B4C4B9E2A718}.Release|Any CPU.ActiveCfg = Release|Any CPU
		{7DC6F6F9-8A7B-4558-8A2E-B4C4B9E2A718}.Release|Any CPU.Build.0 = Release|Any CPU
	EndGlobalSection
	GlobalSection(SolutionProperties) = preSolution
		HideSolutionNode = FALSE
	EndGlobalSection
	GlobalSection(ExtensibilityGlobals) = postSolution
		SolutionGuid = {7A2857C6-E912-4F1E-8294-D8C209C3B1AD}
	EndGlobalSection
EndGlobal
