
Microsoft Visual Studio Solution File, Format Version 12.00
# Visual Studio 15
VisualStudioVersion = 15.0.28307.136
MinimumVisualStudioVersion = 10.0.40219.1
Project("{FAE04EC0-301F-11D3-BF4B-00C04F79EFBC}") = "DependancyInjectionDemo", "DependancyInjectionDemo\DependancyInjectionDemo.csproj", "{1C2BD86C-01D0-4223-80D1-FDFD87D83ACE}"
EndProject
Project("{FAE04EC0-301F-11D3-BF4B-00C04F79EFBC}") = "CurstomFrameworkDI", "ClassLibrary1\CurstomFrameworkDI.csproj", "{76AF4316-63FE-455B-8110-C7F5BEABEFBD}"
EndProject
Global
	GlobalSection(SolutionConfigurationPlatforms) = preSolution
		Debug|Any CPU = Debug|Any CPU
		Release|Any CPU = Release|Any CPU
	EndGlobalSection
	GlobalSection(ProjectConfigurationPlatforms) = postSolution
		{1C2BD86C-01D0-4223-80D1-FDFD87D83ACE}.Debug|Any CPU.ActiveCfg = Debug|Any CPU
		{1C2BD86C-01D0-4223-80D1-FDFD87D83ACE}.Debug|Any CPU.Build.0 = Debug|Any CPU
		{1C2BD86C-01D0-4223-80D1-FDFD87D83ACE}.Release|Any CPU.ActiveCfg = Release|Any CPU
		{1C2BD86C-01D0-4223-80D1-FDFD87D83ACE}.Release|Any CPU.Build.0 = Release|Any CPU
		{76AF4316-63FE-455B-8110-C7F5BEABEFBD}.Debug|Any CPU.ActiveCfg = Debug|Any CPU
		{76AF4316-63FE-455B-8110-C7F5BEABEFBD}.Debug|Any CPU.Build.0 = Debug|Any CPU
		{76AF4316-63FE-455B-8110-C7F5BEABEFBD}.Release|Any CPU.ActiveCfg = Release|Any CPU
		{76AF4316-63FE-455B-8110-C7F5BEABEFBD}.Release|Any CPU.Build.0 = Release|Any CPU
	EndGlobalSection
	GlobalSection(SolutionProperties) = preSolution
		HideSolutionNode = FALSE
	EndGlobalSection
	GlobalSection(ExtensibilityGlobals) = postSolution
		SolutionGuid = {A7375062-361E-42FD-AA5A-F4C9647B264E}
	EndGlobalSection
EndGlobal
