
Microsoft Visual Studio Solution File, Format Version 12.00
# Visual Studio 15
VisualStudioVersion = 15.0.27428.2037
MinimumVisualStudioVersion = 10.0.40219.1
Project("{FAE04EC0-301F-11D3-BF4B-00C04F79EFBC}") = "01.DataBase", "01.DataBase\01.DataBase.csproj", "{27AE32BA-4A73-4C8E-88C4-59E06D5D6F0A}"
EndProject
Project("{FAE04EC0-301F-11D3-BF4B-00C04F79EFBC}") = "Tests", "Tests\Tests.csproj", "{847D749B-849A-49E1-BC3A-5605DDDB9B20}"
EndProject
Project("{FAE04EC0-301F-11D3-BF4B-00C04F79EFBC}") = "02.ExtendedDatabase", "02.ExtendedDatabase\02.ExtendedDatabase.csproj", "{1F468ABD-4E8F-4B2A-901D-E50281BB07F1}"
EndProject
Project("{FAE04EC0-301F-11D3-BF4B-00C04F79EFBC}") = "03.01.ListIteratorTask", "03.01.ListIteratorTask\03.01.ListIteratorTask.csproj", "{9126A38B-031C-4731-A1AD-38A403F1E05F}"
EndProject
Project("{FAE04EC0-301F-11D3-BF4B-00C04F79EFBC}") = "04.BubbleSortTest", "04.BubbleSortTest\04.BubbleSortTest.csproj", "{2DE3C788-3334-4A14-BB3C-6A8D1A74C6F9}"
EndProject
Project("{FAE04EC0-301F-11D3-BF4B-00C04F79EFBC}") = "09.CustomLinkedList", "09.CustomLinkedList\09.CustomLinkedList.csproj", "{9EF772A7-09B4-473C-9807-BB959B8997D5}"
EndProject
Project("{FAE04EC0-301F-11D3-BF4B-00C04F79EFBC}") = "09.DateTimeNow", "DateTimeNow\09.DateTimeNow.csproj", "{341BBF2E-1D12-4D47-AD0D-DDDD44306531}"
EndProject
Project("{FAE04EC0-301F-11D3-BF4B-00C04F79EFBC}") = "10.TyrePressureMonitoringSystem", "10.TyrePressureMonitoringSystem\10.TyrePressureMonitoringSystem.csproj", "{7ED41CCA-EA3B-4C8F-805C-55B8B5FECC1D}"
EndProject
Global
	GlobalSection(SolutionConfigurationPlatforms) = preSolution
		Debug|Any CPU = Debug|Any CPU
		Release|Any CPU = Release|Any CPU
	EndGlobalSection
	GlobalSection(ProjectConfigurationPlatforms) = postSolution
		{27AE32BA-4A73-4C8E-88C4-59E06D5D6F0A}.Debug|Any CPU.ActiveCfg = Debug|Any CPU
		{27AE32BA-4A73-4C8E-88C4-59E06D5D6F0A}.Debug|Any CPU.Build.0 = Debug|Any CPU
		{27AE32BA-4A73-4C8E-88C4-59E06D5D6F0A}.Release|Any CPU.ActiveCfg = Release|Any CPU
		{27AE32BA-4A73-4C8E-88C4-59E06D5D6F0A}.Release|Any CPU.Build.0 = Release|Any CPU
		{847D749B-849A-49E1-BC3A-5605DDDB9B20}.Debug|Any CPU.ActiveCfg = Debug|Any CPU
		{847D749B-849A-49E1-BC3A-5605DDDB9B20}.Debug|Any CPU.Build.0 = Debug|Any CPU
		{847D749B-849A-49E1-BC3A-5605DDDB9B20}.Release|Any CPU.ActiveCfg = Release|Any CPU
		{847D749B-849A-49E1-BC3A-5605DDDB9B20}.Release|Any CPU.Build.0 = Release|Any CPU
		{1F468ABD-4E8F-4B2A-901D-E50281BB07F1}.Debug|Any CPU.ActiveCfg = Debug|Any CPU
		{1F468ABD-4E8F-4B2A-901D-E50281BB07F1}.Debug|Any CPU.Build.0 = Debug|Any CPU
		{1F468ABD-4E8F-4B2A-901D-E50281BB07F1}.Release|Any CPU.ActiveCfg = Release|Any CPU
		{1F468ABD-4E8F-4B2A-901D-E50281BB07F1}.Release|Any CPU.Build.0 = Release|Any CPU
		{9126A38B-031C-4731-A1AD-38A403F1E05F}.Debug|Any CPU.ActiveCfg = Debug|Any CPU
		{9126A38B-031C-4731-A1AD-38A403F1E05F}.Debug|Any CPU.Build.0 = Debug|Any CPU
		{9126A38B-031C-4731-A1AD-38A403F1E05F}.Release|Any CPU.ActiveCfg = Release|Any CPU
		{9126A38B-031C-4731-A1AD-38A403F1E05F}.Release|Any CPU.Build.0 = Release|Any CPU
		{2DE3C788-3334-4A14-BB3C-6A8D1A74C6F9}.Debug|Any CPU.ActiveCfg = Debug|Any CPU
		{2DE3C788-3334-4A14-BB3C-6A8D1A74C6F9}.Debug|Any CPU.Build.0 = Debug|Any CPU
		{2DE3C788-3334-4A14-BB3C-6A8D1A74C6F9}.Release|Any CPU.ActiveCfg = Release|Any CPU
		{2DE3C788-3334-4A14-BB3C-6A8D1A74C6F9}.Release|Any CPU.Build.0 = Release|Any CPU
		{9EF772A7-09B4-473C-9807-BB959B8997D5}.Debug|Any CPU.ActiveCfg = Debug|Any CPU
		{9EF772A7-09B4-473C-9807-BB959B8997D5}.Debug|Any CPU.Build.0 = Debug|Any CPU
		{9EF772A7-09B4-473C-9807-BB959B8997D5}.Release|Any CPU.ActiveCfg = Release|Any CPU
		{9EF772A7-09B4-473C-9807-BB959B8997D5}.Release|Any CPU.Build.0 = Release|Any CPU
		{341BBF2E-1D12-4D47-AD0D-DDDD44306531}.Debug|Any CPU.ActiveCfg = Debug|Any CPU
		{341BBF2E-1D12-4D47-AD0D-DDDD44306531}.Debug|Any CPU.Build.0 = Debug|Any CPU
		{341BBF2E-1D12-4D47-AD0D-DDDD44306531}.Release|Any CPU.ActiveCfg = Release|Any CPU
		{341BBF2E-1D12-4D47-AD0D-DDDD44306531}.Release|Any CPU.Build.0 = Release|Any CPU
		{7ED41CCA-EA3B-4C8F-805C-55B8B5FECC1D}.Debug|Any CPU.ActiveCfg = Debug|Any CPU
		{7ED41CCA-EA3B-4C8F-805C-55B8B5FECC1D}.Debug|Any CPU.Build.0 = Debug|Any CPU
		{7ED41CCA-EA3B-4C8F-805C-55B8B5FECC1D}.Release|Any CPU.ActiveCfg = Release|Any CPU
		{7ED41CCA-EA3B-4C8F-805C-55B8B5FECC1D}.Release|Any CPU.Build.0 = Release|Any CPU
	EndGlobalSection
	GlobalSection(SolutionProperties) = preSolution
		HideSolutionNode = FALSE
	EndGlobalSection
	GlobalSection(ExtensibilityGlobals) = postSolution
		SolutionGuid = {BFF8F159-CCD3-4A7C-A8FC-599478D44047}
	EndGlobalSection
EndGlobal
